// !$*UTF8*$!
{
	archiveVersion = 1;
	classes = {
	};
	objectVersion = 56;
	objects = {

/* Begin PBXBuildFile section */
		1AD451FDB804A2743F1A8C7B /* Pods_ScoreLine.framework in Frameworks */ = {isa = PBXBuildFile; fileRef = 88EE32A4826CAF02073E12CC /* Pods_ScoreLine.framework */; };
		2612E2917A8112B413259124 /* Pods_ScoreLineTests.framework in Frameworks */ = {isa = PBXBuildFile; fileRef = 2E2D48CB417A478FD985F301 /* Pods_ScoreLineTests.framework */; };
		A3613DEBA49278BA79EF1C47 /* Pods_ScoreLine_ScoreLineUITests.framework in Frameworks */ = {isa = PBXBuildFile; fileRef = 3EDCC45C53987DA8ADAB1C72 /* Pods_ScoreLine_ScoreLineUITests.framework */; };
		C005C9DB2B8882220064987B /* ListTableVC.swift in Sources */ = {isa = PBXBuildFile; fileRef = C005C9D32B8882220064987B /* ListTableVC.swift */; };
		C005C9DC2B8882220064987B /* API_URL.swift in Sources */ = {isa = PBXBuildFile; fileRef = C005C9D42B8882220064987B /* API_URL.swift */; };
		C005C9DD2B8882220064987B /* AlertVC.swift in Sources */ = {isa = PBXBuildFile; fileRef = C005C9D52B8882220064987B /* AlertVC.swift */; };
		C005C9DE2B8882220064987B /* WebService.swift in Sources */ = {isa = PBXBuildFile; fileRef = C005C9D62B8882220064987B /* WebService.swift */; };
		C005C9DF2B8882220064987B /* HelperClass.swift in Sources */ = {isa = PBXBuildFile; fileRef = C005C9D72B8882220064987B /* HelperClass.swift */; };
		C005C9E02B8882220064987B /* DatePickerVC.swift in Sources */ = {isa = PBXBuildFile; fileRef = C005C9D82B8882220064987B /* DatePickerVC.swift */; };
		C005C9E12B8882220064987B /* LocalStateCheck.swift in Sources */ = {isa = PBXBuildFile; fileRef = C005C9D92B8882220064987B /* LocalStateCheck.swift */; };
		C005C9E22B8882220064987B /* Settings.swift in Sources */ = {isa = PBXBuildFile; fileRef = C005C9DA2B8882220064987B /* Settings.swift */; };
		C012D0BE2B7F6F0700F40B0E /* AppDelegate.swift in Sources */ = {isa = PBXBuildFile; fileRef = C012D0BD2B7F6F0700F40B0E /* AppDelegate.swift */; };
		C012D0C02B7F6F0700F40B0E /* SceneDelegate.swift in Sources */ = {isa = PBXBuildFile; fileRef = C012D0BF2B7F6F0700F40B0E /* SceneDelegate.swift */; };
		C012D0C22B7F6F0700F40B0E /* ViewController.swift in Sources */ = {isa = PBXBuildFile; fileRef = C012D0C12B7F6F0700F40B0E /* ViewController.swift */; };
		C012D0C52B7F6F0700F40B0E /* Main.storyboard in Resources */ = {isa = PBXBuildFile; fileRef = C012D0C32B7F6F0700F40B0E /* Main.storyboard */; };
		C012D0C72B7F6F0800F40B0E /* Assets.xcassets in Resources */ = {isa = PBXBuildFile; fileRef = C012D0C62B7F6F0800F40B0E /* Assets.xcassets */; };
		C012D0CA2B7F6F0800F40B0E /* LaunchScreen.storyboard in Resources */ = {isa = PBXBuildFile; fileRef = C012D0C82B7F6F0800F40B0E /* LaunchScreen.storyboard */; };
		C012D0D52B7F6F0900F40B0E /* ScoreLineTests.swift in Sources */ = {isa = PBXBuildFile; fileRef = C012D0D42B7F6F0900F40B0E /* ScoreLineTests.swift */; };
		C012D0DF2B7F6F0900F40B0E /* ScoreLineUITests.swift in Sources */ = {isa = PBXBuildFile; fileRef = C012D0DE2B7F6F0900F40B0E /* ScoreLineUITests.swift */; };
		C012D0E12B7F6F0900F40B0E /* ScoreLineUITestsLaunchTests.swift in Sources */ = {isa = PBXBuildFile; fileRef = C012D0E02B7F6F0900F40B0E /* ScoreLineUITestsLaunchTests.swift */; };
		C012D0EF2B7F78EE00F40B0E /* StartupScreenCell.swift in Sources */ = {isa = PBXBuildFile; fileRef = C012D0EE2B7F78EE00F40B0E /* StartupScreenCell.swift */; };
		C012D0F12B7F794D00F40B0E /* StartupController.swift in Sources */ = {isa = PBXBuildFile; fileRef = C012D0F02B7F794D00F40B0E /* StartupController.swift */; };
		C0C9DFED2B87C3C8001E10B4 /* HomeVC.swift in Sources */ = {isa = PBXBuildFile; fileRef = C0C9DFEC2B87C3C8001E10B4 /* HomeVC.swift */; };
/* End PBXBuildFile section */

/* Begin PBXContainerItemProxy section */
		C012D0D12B7F6F0900F40B0E /* PBXContainerItemProxy */ = {
			isa = PBXContainerItemProxy;
			containerPortal = C012D0B22B7F6F0700F40B0E /* Project object */;
			proxyType = 1;
			remoteGlobalIDString = C012D0B92B7F6F0700F40B0E;
			remoteInfo = ScoreLine;
		};
		C012D0DB2B7F6F0900F40B0E /* PBXContainerItemProxy */ = {
			isa = PBXContainerItemProxy;
			containerPortal = C012D0B22B7F6F0700F40B0E /* Project object */;
			proxyType = 1;
			remoteGlobalIDString = C012D0B92B7F6F0700F40B0E;
			remoteInfo = ScoreLine;
		};
/* End PBXContainerItemProxy section */

/* Begin PBXFileReference section */
		2E2D48CB417A478FD985F301 /* Pods_ScoreLineTests.framework */ = {isa = PBXFileReference; explicitFileType = wrapper.framework; includeInIndex = 0; path = Pods_ScoreLineTests.framework; sourceTree = BUILT_PRODUCTS_DIR; };
		3EDCC45C53987DA8ADAB1C72 /* Pods_ScoreLine_ScoreLineUITests.framework */ = {isa = PBXFileReference; explicitFileType = wrapper.framework; includeInIndex = 0; path = Pods_ScoreLine_ScoreLineUITests.framework; sourceTree = BUILT_PRODUCTS_DIR; };
		503501384DCCC8A8FBDBB764 /* Pods-ScoreLineTests.debug.xcconfig */ = {isa = PBXFileReference; includeInIndex = 1; lastKnownFileType = text.xcconfig; name = "Pods-ScoreLineTests.debug.xcconfig"; path = "Target Support Files/Pods-ScoreLineTests/Pods-ScoreLineTests.debug.xcconfig"; sourceTree = "<group>"; };
		79D330A2F8BE646E845097D6 /* Pods-ScoreLine-ScoreLineUITests.debug.xcconfig */ = {isa = PBXFileReference; includeInIndex = 1; lastKnownFileType = text.xcconfig; name = "Pods-ScoreLine-ScoreLineUITests.debug.xcconfig"; path = "Target Support Files/Pods-ScoreLine-ScoreLineUITests/Pods-ScoreLine-ScoreLineUITests.debug.xcconfig"; sourceTree = "<group>"; };
		88EE32A4826CAF02073E12CC /* Pods_ScoreLine.framework */ = {isa = PBXFileReference; explicitFileType = wrapper.framework; includeInIndex = 0; path = Pods_ScoreLine.framework; sourceTree = BUILT_PRODUCTS_DIR; };
		AB397B28F9FAE45F5A639C16 /* Pods-ScoreLineTests.release.xcconfig */ = {isa = PBXFileReference; includeInIndex = 1; lastKnownFileType = text.xcconfig; name = "Pods-ScoreLineTests.release.xcconfig"; path = "Target Support Files/Pods-ScoreLineTests/Pods-ScoreLineTests.release.xcconfig"; sourceTree = "<group>"; };
		C005C9D32B8882220064987B /* ListTableVC.swift */ = {isa = PBXFileReference; fileEncoding = 4; lastKnownFileType = sourcecode.swift; path = ListTableVC.swift; sourceTree = "<group>"; };
		C005C9D42B8882220064987B /* API_URL.swift */ = {isa = PBXFileReference; fileEncoding = 4; lastKnownFileType = sourcecode.swift; path = API_URL.swift; sourceTree = "<group>"; };
		C005C9D52B8882220064987B /* AlertVC.swift */ = {isa = PBXFileReference; fileEncoding = 4; lastKnownFileType = sourcecode.swift; path = AlertVC.swift; sourceTree = "<group>"; };
		C005C9D62B8882220064987B /* WebService.swift */ = {isa = PBXFileReference; fileEncoding = 4; lastKnownFileType = sourcecode.swift; path = WebService.swift; sourceTree = "<group>"; };
		C005C9D72B8882220064987B /* HelperClass.swift */ = {isa = PBXFileReference; fileEncoding = 4; lastKnownFileType = sourcecode.swift; path = HelperClass.swift; sourceTree = "<group>"; };
		C005C9D82B8882220064987B /* DatePickerVC.swift */ = {isa = PBXFileReference; fileEncoding = 4; lastKnownFileType = sourcecode.swift; path = DatePickerVC.swift; sourceTree = "<group>"; };
		C005C9D92B8882220064987B /* LocalStateCheck.swift */ = {isa = PBXFileReference; fileEncoding = 4; lastKnownFileType = sourcecode.swift; path = LocalStateCheck.swift; sourceTree = "<group>"; };
		C005C9DA2B8882220064987B /* Settings.swift */ = {isa = PBXFileReference; fileEncoding = 4; lastKnownFileType = sourcecode.swift; path = Settings.swift; sourceTree = "<group>"; };
		C012D0BA2B7F6F0700F40B0E /* ScoreLine.app */ = {isa = PBXFileReference; explicitFileType = wrapper.application; includeInIndex = 0; path = ScoreLine.app; sourceTree = BUILT_PRODUCTS_DIR; };
		C012D0BD2B7F6F0700F40B0E /* AppDelegate.swift */ = {isa = PBXFileReference; lastKnownFileType = sourcecode.swift; path = AppDelegate.swift; sourceTree = "<group>"; };
		C012D0BF2B7F6F0700F40B0E /* SceneDelegate.swift */ = {isa = PBXFileReference; lastKnownFileType = sourcecode.swift; path = SceneDelegate.swift; sourceTree = "<group>"; };
		C012D0C12B7F6F0700F40B0E /* ViewController.swift */ = {isa = PBXFileReference; lastKnownFileType = sourcecode.swift; path = ViewController.swift; sourceTree = "<group>"; };
		C012D0C42B7F6F0700F40B0E /* Base */ = {isa = PBXFileReference; lastKnownFileType = file.storyboard; name = Base; path = Base.lproj/Main.storyboard; sourceTree = "<group>"; };
		C012D0C62B7F6F0800F40B0E /* Assets.xcassets */ = {isa = PBXFileReference; lastKnownFileType = folder.assetcatalog; path = Assets.xcassets; sourceTree = "<group>"; };
		C012D0C92B7F6F0800F40B0E /* Base */ = {isa = PBXFileReference; lastKnownFileType = file.storyboard; name = Base; path = Base.lproj/LaunchScreen.storyboard; sourceTree = "<group>"; };
		C012D0CB2B7F6F0800F40B0E /* Info.plist */ = {isa = PBXFileReference; lastKnownFileType = text.plist.xml; path = Info.plist; sourceTree = "<group>"; };
		C012D0D02B7F6F0900F40B0E /* ScoreLineTests.xctest */ = {isa = PBXFileReference; explicitFileType = wrapper.cfbundle; includeInIndex = 0; path = ScoreLineTests.xctest; sourceTree = BUILT_PRODUCTS_DIR; };
		C012D0D42B7F6F0900F40B0E /* ScoreLineTests.swift */ = {isa = PBXFileReference; lastKnownFileType = sourcecode.swift; path = ScoreLineTests.swift; sourceTree = "<group>"; };
		C012D0DA2B7F6F0900F40B0E /* ScoreLineUITests.xctest */ = {isa = PBXFileReference; explicitFileType = wrapper.cfbundle; includeInIndex = 0; path = ScoreLineUITests.xctest; sourceTree = BUILT_PRODUCTS_DIR; };
		C012D0DE2B7F6F0900F40B0E /* ScoreLineUITests.swift */ = {isa = PBXFileReference; lastKnownFileType = sourcecode.swift; path = ScoreLineUITests.swift; sourceTree = "<group>"; };
		C012D0E02B7F6F0900F40B0E /* ScoreLineUITestsLaunchTests.swift */ = {isa = PBXFileReference; lastKnownFileType = sourcecode.swift; path = ScoreLineUITestsLaunchTests.swift; sourceTree = "<group>"; };
		C012D0EE2B7F78EE00F40B0E /* StartupScreenCell.swift */ = {isa = PBXFileReference; lastKnownFileType = sourcecode.swift; path = StartupScreenCell.swift; sourceTree = "<group>"; };
		C012D0F02B7F794D00F40B0E /* StartupController.swift */ = {isa = PBXFileReference; lastKnownFileType = sourcecode.swift; path = StartupController.swift; sourceTree = "<group>"; };
		C0C9DFEC2B87C3C8001E10B4 /* HomeVC.swift */ = {isa = PBXFileReference; lastKnownFileType = sourcecode.swift; path = HomeVC.swift; sourceTree = "<group>"; };
		C9CFDC81DF1A53EDCB6FAACB /* Pods-ScoreLine-ScoreLineUITests.release.xcconfig */ = {isa = PBXFileReference; includeInIndex = 1; lastKnownFileType = text.xcconfig; name = "Pods-ScoreLine-ScoreLineUITests.release.xcconfig"; path = "Target Support Files/Pods-ScoreLine-ScoreLineUITests/Pods-ScoreLine-ScoreLineUITests.release.xcconfig"; sourceTree = "<group>"; };
		CE777C08908BAB3874C24EAD /* Pods-ScoreLine.debug.xcconfig */ = {isa = PBXFileReference; includeInIndex = 1; lastKnownFileType = text.xcconfig; name = "Pods-ScoreLine.debug.xcconfig"; path = "Target Support Files/Pods-ScoreLine/Pods-ScoreLine.debug.xcconfig"; sourceTree = "<group>"; };
		EEEE1A3AD6F20111E9702548 /* Pods-ScoreLine.release.xcconfig */ = {isa = PBXFileReference; includeInIndex = 1; lastKnownFileType = text.xcconfig; name = "Pods-ScoreLine.release.xcconfig"; path = "Target Support Files/Pods-ScoreLine/Pods-ScoreLine.release.xcconfig"; sourceTree = "<group>"; };
/* End PBXFileReference section */

/* Begin PBXFrameworksBuildPhase section */
		C012D0B72B7F6F0700F40B0E /* Frameworks */ = {
			isa = PBXFrameworksBuildPhase;
			buildActionMask = 2147483647;
			files = (
				1AD451FDB804A2743F1A8C7B /* Pods_ScoreLine.framework in Frameworks */,
			);
			runOnlyForDeploymentPostprocessing = 0;
		};
		C012D0CD2B7F6F0900F40B0E /* Frameworks */ = {
			isa = PBXFrameworksBuildPhase;
			buildActionMask = 2147483647;
			files = (
				2612E2917A8112B413259124 /* Pods_ScoreLineTests.framework in Frameworks */,
			);
			runOnlyForDeploymentPostprocessing = 0;
		};
		C012D0D72B7F6F0900F40B0E /* Frameworks */ = {
			isa = PBXFrameworksBuildPhase;
			buildActionMask = 2147483647;
			files = (
				A3613DEBA49278BA79EF1C47 /* Pods_ScoreLine_ScoreLineUITests.framework in Frameworks */,
			);
			runOnlyForDeploymentPostprocessing = 0;
		};
/* End PBXFrameworksBuildPhase section */

/* Begin PBXGroup section */
		47F868880AEDE06BC012D140 /* Pods */ = {
			isa = PBXGroup;
			children = (
				CE777C08908BAB3874C24EAD /* Pods-ScoreLine.debug.xcconfig */,
				EEEE1A3AD6F20111E9702548 /* Pods-ScoreLine.release.xcconfig */,
				79D330A2F8BE646E845097D6 /* Pods-ScoreLine-ScoreLineUITests.debug.xcconfig */,
				C9CFDC81DF1A53EDCB6FAACB /* Pods-ScoreLine-ScoreLineUITests.release.xcconfig */,
				503501384DCCC8A8FBDBB764 /* Pods-ScoreLineTests.debug.xcconfig */,
				AB397B28F9FAE45F5A639C16 /* Pods-ScoreLineTests.release.xcconfig */,
			);
			path = Pods;
			sourceTree = "<group>";
		};
		C012D0B12B7F6F0700F40B0E = {
			isa = PBXGroup;
			children = (
				C012D0BC2B7F6F0700F40B0E /* ScoreLine */,
				C012D0D32B7F6F0900F40B0E /* ScoreLineTests */,
				C012D0DD2B7F6F0900F40B0E /* ScoreLineUITests */,
				C012D0BB2B7F6F0700F40B0E /* Products */,
				47F868880AEDE06BC012D140 /* Pods */,
				F690C937DC20B3A5A21875BC /* Frameworks */,
			);
			sourceTree = "<group>";
		};
		C012D0BB2B7F6F0700F40B0E /* Products */ = {
			isa = PBXGroup;
			children = (
				C012D0BA2B7F6F0700F40B0E /* ScoreLine.app */,
				C012D0D02B7F6F0900F40B0E /* ScoreLineTests.xctest */,
				C012D0DA2B7F6F0900F40B0E /* ScoreLineUITests.xctest */,
			);
			name = Products;
			sourceTree = "<group>";
		};
		C012D0BC2B7F6F0700F40B0E /* ScoreLine */ = {
			isa = PBXGroup;
			children = (
				C0C9DFEE2B87C3DB001E10B4 /* WebService and Imp Classes */,
				C0C9DFEB2B87C3B7001E10B4 /* Controllers */,
				C012D0ED2B7F78D100F40B0E /* Views */,
				C012D0BD2B7F6F0700F40B0E /* AppDelegate.swift */,
				C012D0BF2B7F6F0700F40B0E /* SceneDelegate.swift */,
				C012D0C12B7F6F0700F40B0E /* ViewController.swift */,
				C012D0C32B7F6F0700F40B0E /* Main.storyboard */,
				C012D0C62B7F6F0800F40B0E /* Assets.xcassets */,
				C012D0C82B7F6F0800F40B0E /* LaunchScreen.storyboard */,
				C012D0CB2B7F6F0800F40B0E /* Info.plist */,
			);
			path = ScoreLine;
			sourceTree = "<group>";
		};
		C012D0D32B7F6F0900F40B0E /* ScoreLineTests */ = {
			isa = PBXGroup;
			children = (
				C012D0D42B7F6F0900F40B0E /* ScoreLineTests.swift */,
			);
			path = ScoreLineTests;
			sourceTree = "<group>";
		};
		C012D0DD2B7F6F0900F40B0E /* ScoreLineUITests */ = {
			isa = PBXGroup;
			children = (
				C012D0DE2B7F6F0900F40B0E /* ScoreLineUITests.swift */,
				C012D0E02B7F6F0900F40B0E /* ScoreLineUITestsLaunchTests.swift */,
			);
			path = ScoreLineUITests;
			sourceTree = "<group>";
		};
		C012D0ED2B7F78D100F40B0E /* Views */ = {
			isa = PBXGroup;
			children = (
				C012D0EE2B7F78EE00F40B0E /* StartupScreenCell.swift */,
			);
			name = Views;
			sourceTree = "<group>";
		};
		C0C9DFEB2B87C3B7001E10B4 /* Controllers */ = {
			isa = PBXGroup;
			children = (
				C012D0F02B7F794D00F40B0E /* StartupController.swift */,
				C0C9DFEC2B87C3C8001E10B4 /* HomeVC.swift */,
			);
			path = Controllers;
			sourceTree = "<group>";
		};
		C0C9DFEE2B87C3DB001E10B4 /* WebService and Imp Classes */ = {
			isa = PBXGroup;
			children = (
				C005C9D52B8882220064987B /* AlertVC.swift */,
				C005C9D42B8882220064987B /* API_URL.swift */,
				C005C9D82B8882220064987B /* DatePickerVC.swift */,
				C005C9D72B8882220064987B /* HelperClass.swift */,
				C005C9D32B8882220064987B /* ListTableVC.swift */,
				C005C9D92B8882220064987B /* LocalStateCheck.swift */,
				C005C9DA2B8882220064987B /* Settings.swift */,
				C005C9D62B8882220064987B /* WebService.swift */,
			);
			name = "WebService and Imp Classes";
			sourceTree = "<group>";
		};
		F690C937DC20B3A5A21875BC /* Frameworks */ = {
			isa = PBXGroup;
			children = (
				88EE32A4826CAF02073E12CC /* Pods_ScoreLine.framework */,
				3EDCC45C53987DA8ADAB1C72 /* Pods_ScoreLine_ScoreLineUITests.framework */,
				2E2D48CB417A478FD985F301 /* Pods_ScoreLineTests.framework */,
			);
			name = Frameworks;
			sourceTree = "<group>";
		};
/* End PBXGroup section */

/* Begin PBXNativeTarget section */
		C012D0B92B7F6F0700F40B0E /* ScoreLine */ = {
			isa = PBXNativeTarget;
			buildConfigurationList = C012D0E42B7F6F0900F40B0E /* Build configuration list for PBXNativeTarget "ScoreLine" */;
			buildPhases = (
				48B293E181367D40E4A65B86 /* [CP] Check Pods Manifest.lock */,
				C012D0B62B7F6F0700F40B0E /* Sources */,
				C012D0B72B7F6F0700F40B0E /* Frameworks */,
				C012D0B82B7F6F0700F40B0E /* Resources */,
				FF9DE84ADFC22550BB8C58CA /* [CP] Embed Pods Frameworks */,
			);
			buildRules = (
			);
			dependencies = (
			);
			name = ScoreLine;
			productName = ScoreLine;
			productReference = C012D0BA2B7F6F0700F40B0E /* ScoreLine.app */;
			productType = "com.apple.product-type.application";
		};
		C012D0CF2B7F6F0900F40B0E /* ScoreLineTests */ = {
			isa = PBXNativeTarget;
			buildConfigurationList = C012D0E72B7F6F0900F40B0E /* Build configuration list for PBXNativeTarget "ScoreLineTests" */;
			buildPhases = (
				28018D3FA49BE413D78FBFD6 /* [CP] Check Pods Manifest.lock */,
				C012D0CC2B7F6F0900F40B0E /* Sources */,
				C012D0CD2B7F6F0900F40B0E /* Frameworks */,
				C012D0CE2B7F6F0900F40B0E /* Resources */,
			);
			buildRules = (
			);
			dependencies = (
				C012D0D22B7F6F0900F40B0E /* PBXTargetDependency */,
			);
			name = ScoreLineTests;
			productName = ScoreLineTests;
			productReference = C012D0D02B7F6F0900F40B0E /* ScoreLineTests.xctest */;
			productType = "com.apple.product-type.bundle.unit-test";
		};
		C012D0D92B7F6F0900F40B0E /* ScoreLineUITests */ = {
			isa = PBXNativeTarget;
			buildConfigurationList = C012D0EA2B7F6F0900F40B0E /* Build configuration list for PBXNativeTarget "ScoreLineUITests" */;
			buildPhases = (
				2FAF6C0CDBA7AA4EA4700817 /* [CP] Check Pods Manifest.lock */,
				C012D0D62B7F6F0900F40B0E /* Sources */,
				C012D0D72B7F6F0900F40B0E /* Frameworks */,
				C012D0D82B7F6F0900F40B0E /* Resources */,
				FEF4A4241CF617316A374D5E /* [CP] Embed Pods Frameworks */,
			);
			buildRules = (
			);
			dependencies = (
				C012D0DC2B7F6F0900F40B0E /* PBXTargetDependency */,
			);
			name = ScoreLineUITests;
			productName = ScoreLineUITests;
			productReference = C012D0DA2B7F6F0900F40B0E /* ScoreLineUITests.xctest */;
			productType = "com.apple.product-type.bundle.ui-testing";
		};
/* End PBXNativeTarget section */

/* Begin PBXProject section */
		C012D0B22B7F6F0700F40B0E /* Project object */ = {
			isa = PBXProject;
			attributes = {
				BuildIndependentTargetsInParallel = 1;
				LastSwiftUpdateCheck = 1520;
				LastUpgradeCheck = 1520;
				TargetAttributes = {
					C012D0B92B7F6F0700F40B0E = {
						CreatedOnToolsVersion = 15.2;
					};
					C012D0CF2B7F6F0900F40B0E = {
						CreatedOnToolsVersion = 15.2;
						TestTargetID = C012D0B92B7F6F0700F40B0E;
					};
					C012D0D92B7F6F0900F40B0E = {
						CreatedOnToolsVersion = 15.2;
						TestTargetID = C012D0B92B7F6F0700F40B0E;
					};
				};
			};
			buildConfigurationList = C012D0B52B7F6F0700F40B0E /* Build configuration list for PBXProject "ScoreLine" */;
			compatibilityVersion = "Xcode 14.0";
			developmentRegion = en;
			hasScannedForEncodings = 0;
			knownRegions = (
				en,
				Base,
			);
			mainGroup = C012D0B12B7F6F0700F40B0E;
			productRefGroup = C012D0BB2B7F6F0700F40B0E /* Products */;
			projectDirPath = "";
			projectRoot = "";
			targets = (
				C012D0B92B7F6F0700F40B0E /* ScoreLine */,
				C012D0CF2B7F6F0900F40B0E /* ScoreLineTests */,
				C012D0D92B7F6F0900F40B0E /* ScoreLineUITests */,
			);
		};
/* End PBXProject section */

/* Begin PBXResourcesBuildPhase section */
		C012D0B82B7F6F0700F40B0E /* Resources */ = {
			isa = PBXResourcesBuildPhase;
			buildActionMask = 2147483647;
			files = (
				C012D0CA2B7F6F0800F40B0E /* LaunchScreen.storyboard in Resources */,
				C012D0C72B7F6F0800F40B0E /* Assets.xcassets in Resources */,
				C012D0C52B7F6F0700F40B0E /* Main.storyboard in Resources */,
			);
			runOnlyForDeploymentPostprocessing = 0;
		};
		C012D0CE2B7F6F0900F40B0E /* Resources */ = {
			isa = PBXResourcesBuildPhase;
			buildActionMask = 2147483647;
			files = (
			);
			runOnlyForDeploymentPostprocessing = 0;
		};
		C012D0D82B7F6F0900F40B0E /* Resources */ = {
			isa = PBXResourcesBuildPhase;
			buildActionMask = 2147483647;
			files = (
			);
			runOnlyForDeploymentPostprocessing = 0;
		};
/* End PBXResourcesBuildPhase section */

/* Begin PBXShellScriptBuildPhase section */
		28018D3FA49BE413D78FBFD6 /* [CP] Check Pods Manifest.lock */ = {
			isa = PBXShellScriptBuildPhase;
			buildActionMask = 2147483647;
			files = (
			);
			inputFileListPaths = (
			);
			inputPaths = (
				"${PODS_PODFILE_DIR_PATH}/Podfile.lock",
				"${PODS_ROOT}/Manifest.lock",
			);
			name = "[CP] Check Pods Manifest.lock";
			outputFileListPaths = (
			);
			outputPaths = (
				"$(DERIVED_FILE_DIR)/Pods-ScoreLineTests-checkManifestLockResult.txt",
			);
			runOnlyForDeploymentPostprocessing = 0;
			shellPath = /bin/sh;
			shellScript = "diff \"${PODS_PODFILE_DIR_PATH}/Podfile.lock\" \"${PODS_ROOT}/Manifest.lock\" > /dev/null\nif [ $? != 0 ] ; then\n    # print error to STDERR\n    echo \"error: The sandbox is not in sync with the Podfile.lock. Run 'pod install' or update your CocoaPods installation.\" >&2\n    exit 1\nfi\n# This output is used by Xcode 'outputs' to avoid re-running this script phase.\necho \"SUCCESS\" > \"${SCRIPT_OUTPUT_FILE_0}\"\n";
			showEnvVarsInLog = 0;
		};
		2FAF6C0CDBA7AA4EA4700817 /* [CP] Check Pods Manifest.lock */ = {
			isa = PBXShellScriptBuildPhase;
			buildActionMask = 2147483647;
			files = (
			);
			inputFileListPaths = (
			);
			inputPaths = (
				"${PODS_PODFILE_DIR_PATH}/Podfile.lock",
				"${PODS_ROOT}/Manifest.lock",
			);
			name = "[CP] Check Pods Manifest.lock";
			outputFileListPaths = (
			);
			outputPaths = (
				"$(DERIVED_FILE_DIR)/Pods-ScoreLine-ScoreLineUITests-checkManifestLockResult.txt",
			);
			runOnlyForDeploymentPostprocessing = 0;
			shellPath = /bin/sh;
			shellScript = "diff \"${PODS_PODFILE_DIR_PATH}/Podfile.lock\" \"${PODS_ROOT}/Manifest.lock\" > /dev/null\nif [ $? != 0 ] ; then\n    # print error to STDERR\n    echo \"error: The sandbox is not in sync with the Podfile.lock. Run 'pod install' or update your CocoaPods installation.\" >&2\n    exit 1\nfi\n# This output is used by Xcode 'outputs' to avoid re-running this script phase.\necho \"SUCCESS\" > \"${SCRIPT_OUTPUT_FILE_0}\"\n";
			showEnvVarsInLog = 0;
		};
		48B293E181367D40E4A65B86 /* [CP] Check Pods Manifest.lock */ = {
			isa = PBXShellScriptBuildPhase;
			buildActionMask = 2147483647;
			files = (
			);
			inputFileListPaths = (
			);
			inputPaths = (
				"${PODS_PODFILE_DIR_PATH}/Podfile.lock",
				"${PODS_ROOT}/Manifest.lock",
			);
			name = "[CP] Check Pods Manifest.lock";
			outputFileListPaths = (
			);
			outputPaths = (
				"$(DERIVED_FILE_DIR)/Pods-ScoreLine-checkManifestLockResult.txt",
			);
			runOnlyForDeploymentPostprocessing = 0;
			shellPath = /bin/sh;
			shellScript = "diff \"${PODS_PODFILE_DIR_PATH}/Podfile.lock\" \"${PODS_ROOT}/Manifest.lock\" > /dev/null\nif [ $? != 0 ] ; then\n    # print error to STDERR\n    echo \"error: The sandbox is not in sync with the Podfile.lock. Run 'pod install' or update your CocoaPods installation.\" >&2\n    exit 1\nfi\n# This output is used by Xcode 'outputs' to avoid re-running this script phase.\necho \"SUCCESS\" > \"${SCRIPT_OUTPUT_FILE_0}\"\n";
			showEnvVarsInLog = 0;
		};
		FEF4A4241CF617316A374D5E /* [CP] Embed Pods Frameworks */ = {
			isa = PBXShellScriptBuildPhase;
			buildActionMask = 2147483647;
			files = (
			);
			inputFileListPaths = (
				"${PODS_ROOT}/Target Support Files/Pods-ScoreLine-ScoreLineUITests/Pods-ScoreLine-ScoreLineUITests-frameworks-${CONFIGURATION}-input-files.xcfilelist",
			);
			name = "[CP] Embed Pods Frameworks";
			outputFileListPaths = (
				"${PODS_ROOT}/Target Support Files/Pods-ScoreLine-ScoreLineUITests/Pods-ScoreLine-ScoreLineUITests-frameworks-${CONFIGURATION}-output-files.xcfilelist",
			);
			runOnlyForDeploymentPostprocessing = 0;
			shellPath = /bin/sh;
			shellScript = "\"${PODS_ROOT}/Target Support Files/Pods-ScoreLine-ScoreLineUITests/Pods-ScoreLine-ScoreLineUITests-frameworks.sh\"\n";
			showEnvVarsInLog = 0;
		};
		FF9DE84ADFC22550BB8C58CA /* [CP] Embed Pods Frameworks */ = {
			isa = PBXShellScriptBuildPhase;
			buildActionMask = 2147483647;
			files = (
			);
			inputFileListPaths = (
				"${PODS_ROOT}/Target Support Files/Pods-ScoreLine/Pods-ScoreLine-frameworks-${CONFIGURATION}-input-files.xcfilelist",
			);
			name = "[CP] Embed Pods Frameworks";
			outputFileListPaths = (
				"${PODS_ROOT}/Target Support Files/Pods-ScoreLine/Pods-ScoreLine-frameworks-${CONFIGURATION}-output-files.xcfilelist",
			);
			runOnlyForDeploymentPostprocessing = 0;
			shellPath = /bin/sh;
			shellScript = "\"${PODS_ROOT}/Target Support Files/Pods-ScoreLine/Pods-ScoreLine-frameworks.sh\"\n";
			showEnvVarsInLog = 0;
		};
/* End PBXShellScriptBuildPhase section */

/* Begin PBXSourcesBuildPhase section */
		C012D0B62B7F6F0700F40B0E /* Sources */ = {
			isa = PBXSourcesBuildPhase;
			buildActionMask = 2147483647;
			files = (
				C012D0C22B7F6F0700F40B0E /* ViewController.swift in Sources */,
				C012D0F12B7F794D00F40B0E /* StartupController.swift in Sources */,
				C005C9E12B8882220064987B /* LocalStateCheck.swift in Sources */,
				C012D0EF2B7F78EE00F40B0E /* StartupScreenCell.swift in Sources */,
				C005C9E22B8882220064987B /* Settings.swift in Sources */,
				C005C9DD2B8882220064987B /* AlertVC.swift in Sources */,
				C0C9DFED2B87C3C8001E10B4 /* HomeVC.swift in Sources */,
				C005C9DC2B8882220064987B /* API_URL.swift in Sources */,
				C005C9DF2B8882220064987B /* HelperClass.swift in Sources */,
				C005C9DB2B8882220064987B /* ListTableVC.swift in Sources */,
				C012D0BE2B7F6F0700F40B0E /* AppDelegate.swift in Sources */,
				C005C9DE2B8882220064987B /* WebService.swift in Sources */,
				C005C9E02B8882220064987B /* DatePickerVC.swift in Sources */,
				C012D0C02B7F6F0700F40B0E /* SceneDelegate.swift in Sources */,
			);
			runOnlyForDeploymentPostprocessing = 0;
		};
		C012D0CC2B7F6F0900F40B0E /* Sources */ = {
			isa = PBXSourcesBuildPhase;
			buildActionMask = 2147483647;
			files = (
				C012D0D52B7F6F0900F40B0E /* ScoreLineTests.swift in Sources */,
			);
			runOnlyForDeploymentPostprocessing = 0;
		};
		C012D0D62B7F6F0900F40B0E /* Sources */ = {
			isa = PBXSourcesBuildPhase;
			buildActionMask = 2147483647;
			files = (
				C012D0DF2B7F6F0900F40B0E /* ScoreLineUITests.swift in Sources */,
				C012D0E12B7F6F0900F40B0E /* ScoreLineUITestsLaunchTests.swift in Sources */,
			);
			runOnlyForDeploymentPostprocessing = 0;
		};
/* End PBXSourcesBuildPhase section */

/* Begin PBXTargetDependency section */
		C012D0D22B7F6F0900F40B0E /* PBXTargetDependency */ = {
			isa = PBXTargetDependency;
			target = C012D0B92B7F6F0700F40B0E /* ScoreLine */;
			targetProxy = C012D0D12B7F6F0900F40B0E /* PBXContainerItemProxy */;
		};
		C012D0DC2B7F6F0900F40B0E /* PBXTargetDependency */ = {
			isa = PBXTargetDependency;
			target = C012D0B92B7F6F0700F40B0E /* ScoreLine */;
			targetProxy = C012D0DB2B7F6F0900F40B0E /* PBXContainerItemProxy */;
		};
/* End PBXTargetDependency section */

/* Begin PBXVariantGroup section */
		C012D0C32B7F6F0700F40B0E /* Main.storyboard */ = {
			isa = PBXVariantGroup;
			children = (
				C012D0C42B7F6F0700F40B0E /* Base */,
			);
			name = Main.storyboard;
			sourceTree = "<group>";
		};
		C012D0C82B7F6F0800F40B0E /* LaunchScreen.storyboard */ = {
			isa = PBXVariantGroup;
			children = (
				C012D0C92B7F6F0800F40B0E /* Base */,
			);
			name = LaunchScreen.storyboard;
			sourceTree = "<group>";
		};
/* End PBXVariantGroup section */

/* Begin XCBuildConfiguration section */
		C012D0E22B7F6F0900F40B0E /* Debug */ = {
			isa = XCBuildConfiguration;
			buildSettings = {
				ALWAYS_SEARCH_USER_PATHS = NO;
				ASSETCATALOG_COMPILER_GENERATE_SWIFT_ASSET_SYMBOL_EXTENSIONS = YES;
				CLANG_ANALYZER_NONNULL = YES;
				CLANG_ANALYZER_NUMBER_OBJECT_CONVERSION = YES_AGGRESSIVE;
				CLANG_CXX_LANGUAGE_STANDARD = "gnu++20";
				CLANG_ENABLE_MODULES = YES;
				CLANG_ENABLE_OBJC_ARC = YES;
				CLANG_ENABLE_OBJC_WEAK = YES;
				CLANG_WARN_BLOCK_CAPTURE_AUTORELEASING = YES;
				CLANG_WARN_BOOL_CONVERSION = YES;
				CLANG_WARN_COMMA = YES;
				CLANG_WARN_CONSTANT_CONVERSION = YES;
				CLANG_WARN_DEPRECATED_OBJC_IMPLEMENTATIONS = YES;
				CLANG_WARN_DIRECT_OBJC_ISA_USAGE = YES_ERROR;
				CLANG_WARN_DOCUMENTATION_COMMENTS = YES;
				CLANG_WARN_EMPTY_BODY = YES;
				CLANG_WARN_ENUM_CONVERSION = YES;
				CLANG_WARN_INFINITE_RECURSION = YES;
				CLANG_WARN_INT_CONVERSION = YES;
				CLANG_WARN_NON_LITERAL_NULL_CONVERSION = YES;
				CLANG_WARN_OBJC_IMPLICIT_RETAIN_SELF = YES;
				CLANG_WARN_OBJC_LITERAL_CONVERSION = YES;
				CLANG_WARN_OBJC_ROOT_CLASS = YES_ERROR;
				CLANG_WARN_QUOTED_INCLUDE_IN_FRAMEWORK_HEADER = YES;
				CLANG_WARN_RANGE_LOOP_ANALYSIS = YES;
				CLANG_WARN_STRICT_PROTOTYPES = YES;
				CLANG_WARN_SUSPICIOUS_MOVE = YES;
				CLANG_WARN_UNGUARDED_AVAILABILITY = YES_AGGRESSIVE;
				CLANG_WARN_UNREACHABLE_CODE = YES;
				CLANG_WARN__DUPLICATE_METHOD_MATCH = YES;
				COPY_PHASE_STRIP = NO;
				DEBUG_INFORMATION_FORMAT = dwarf;
				ENABLE_STRICT_OBJC_MSGSEND = YES;
				ENABLE_TESTABILITY = YES;
				ENABLE_USER_SCRIPT_SANDBOXING = NO;
				GCC_C_LANGUAGE_STANDARD = gnu17;
				GCC_DYNAMIC_NO_PIC = NO;
				GCC_NO_COMMON_BLOCKS = YES;
				GCC_OPTIMIZATION_LEVEL = 0;
				GCC_PREPROCESSOR_DEFINITIONS = (
					"DEBUG=1",
					"$(inherited)",
				);
				GCC_WARN_64_TO_32_BIT_CONVERSION = YES;
				GCC_WARN_ABOUT_RETURN_TYPE = YES_ERROR;
				GCC_WARN_UNDECLARED_SELECTOR = YES;
				GCC_WARN_UNINITIALIZED_AUTOS = YES_AGGRESSIVE;
				GCC_WARN_UNUSED_FUNCTION = YES;
				GCC_WARN_UNUSED_VARIABLE = YES;
				IPHONEOS_DEPLOYMENT_TARGET = 17.2;
				LOCALIZATION_PREFERS_STRING_CATALOGS = YES;
				MTL_ENABLE_DEBUG_INFO = INCLUDE_SOURCE;
				MTL_FAST_MATH = YES;
				ONLY_ACTIVE_ARCH = YES;
				SDKROOT = iphoneos;
				SWIFT_ACTIVE_COMPILATION_CONDITIONS = "DEBUG $(inherited)";
				SWIFT_OPTIMIZATION_LEVEL = "-Onone";
			};
			name = Debug;
		};
		C012D0E32B7F6F0900F40B0E /* Release */ = {
			isa = XCBuildConfiguration;
			buildSettings = {
				ALWAYS_SEARCH_USER_PATHS = NO;
				ASSETCATALOG_COMPILER_GENERATE_SWIFT_ASSET_SYMBOL_EXTENSIONS = YES;
				CLANG_ANALYZER_NONNULL = YES;
				CLANG_ANALYZER_NUMBER_OBJECT_CONVERSION = YES_AGGRESSIVE;
				CLANG_CXX_LANGUAGE_STANDARD = "gnu++20";
				CLANG_ENABLE_MODULES = YES;
				CLANG_ENABLE_OBJC_ARC = YES;
				CLANG_ENABLE_OBJC_WEAK = YES;
				CLANG_WARN_BLOCK_CAPTURE_AUTORELEASING = YES;
				CLANG_WARN_BOOL_CONVERSION = YES;
				CLANG_WARN_COMMA = YES;
				CLANG_WARN_CONSTANT_CONVERSION = YES;
				CLANG_WARN_DEPRECATED_OBJC_IMPLEMENTATIONS = YES;
				CLANG_WARN_DIRECT_OBJC_ISA_USAGE = YES_ERROR;
				CLANG_WARN_DOCUMENTATION_COMMENTS = YES;
				CLANG_WARN_EMPTY_BODY = YES;
				CLANG_WARN_ENUM_CONVERSION = YES;
				CLANG_WARN_INFINITE_RECURSION = YES;
				CLANG_WARN_INT_CONVERSION = YES;
				CLANG_WARN_NON_LITERAL_NULL_CONVERSION = YES;
				CLANG_WARN_OBJC_IMPLICIT_RETAIN_SELF = YES;
				CLANG_WARN_OBJC_LITERAL_CONVERSION = YES;
				CLANG_WARN_OBJC_ROOT_CLASS = YES_ERROR;
				CLANG_WARN_QUOTED_INCLUDE_IN_FRAMEWORK_HEADER = YES;
				CLANG_WARN_RANGE_LOOP_ANALYSIS = YES;
				CLANG_WARN_STRICT_PROTOTYPES = YES;
				CLANG_WARN_SUSPICIOUS_MOVE = YES;
				CLANG_WARN_UNGUARDED_AVAILABILITY = YES_AGGRESSIVE;
				CLANG_WARN_UNREACHABLE_CODE = YES;
				CLANG_WARN__DUPLICATE_METHOD_MATCH = YES;
				COPY_PHASE_STRIP = NO;
				DEBUG_INFORMATION_FORMAT = "dwarf-with-dsym";
				ENABLE_NS_ASSERTIONS = NO;
				ENABLE_STRICT_OBJC_MSGSEND = YES;
				ENABLE_USER_SCRIPT_SANDBOXING = NO;
				GCC_C_LANGUAGE_STANDARD = gnu17;
				GCC_NO_COMMON_BLOCKS = YES;
				GCC_WARN_64_TO_32_BIT_CONVERSION = YES;
				GCC_WARN_ABOUT_RETURN_TYPE = YES_ERROR;
				GCC_WARN_UNDECLARED_SELECTOR = YES;
				GCC_WARN_UNINITIALIZED_AUTOS = YES_AGGRESSIVE;
				GCC_WARN_UNUSED_FUNCTION = YES;
				GCC_WARN_UNUSED_VARIABLE = YES;
				IPHONEOS_DEPLOYMENT_TARGET = 17.2;
				LOCALIZATION_PREFERS_STRING_CATALOGS = YES;
				MTL_ENABLE_DEBUG_INFO = NO;
				MTL_FAST_MATH = YES;
				SDKROOT = iphoneos;
				SWIFT_COMPILATION_MODE = wholemodule;
				VALIDATE_PRODUCT = YES;
			};
			name = Release;
		};
		C012D0E52B7F6F0900F40B0E /* Debug */ = {
			isa = XCBuildConfiguration;
			baseConfigurationReference = CE777C08908BAB3874C24EAD /* Pods-ScoreLine.debug.xcconfig */;
			buildSettings = {
				ASSETCATALOG_COMPILER_APPICON_NAME = AppIcon;
				ASSETCATALOG_COMPILER_GLOBAL_ACCENT_COLOR_NAME = AccentColor;
				CODE_SIGN_STYLE = Automatic;
				CURRENT_PROJECT_VERSION = 1;
				DEVELOPMENT_TEAM = 659TVY4N4U;
				GENERATE_INFOPLIST_FILE = YES;
				INFOPLIST_FILE = ScoreLine/Info.plist;
				INFOPLIST_KEY_UIApplicationSupportsIndirectInputEvents = YES;
				INFOPLIST_KEY_UILaunchStoryboardName = LaunchScreen;
				INFOPLIST_KEY_UIMainStoryboardFile = Main;
				INFOPLIST_KEY_UISupportedInterfaceOrientations_iPad = "UIInterfaceOrientationPortrait UIInterfaceOrientationPortraitUpsideDown UIInterfaceOrientationLandscapeLeft UIInterfaceOrientationLandscapeRight";
				INFOPLIST_KEY_UISupportedInterfaceOrientations_iPhone = "UIInterfaceOrientationPortrait UIInterfaceOrientationLandscapeLeft UIInterfaceOrientationLandscapeRight";
				LD_RUNPATH_SEARCH_PATHS = (
					"$(inherited)",
					"@executable_path/Frameworks",
				);
				MARKETING_VERSION = 1.0;
				PRODUCT_BUNDLE_IDENTIFIER = com.omgandhi.ScoreLine;
				PRODUCT_NAME = "$(TARGET_NAME)";
				SWIFT_EMIT_LOC_STRINGS = YES;
				SWIFT_VERSION = 5.0;
				TARGETED_DEVICE_FAMILY = "1,2";
			};
			name = Debug;
		};
		C012D0E62B7F6F0900F40B0E /* Release */ = {
			isa = XCBuildConfiguration;
			baseConfigurationReference = EEEE1A3AD6F20111E9702548 /* Pods-ScoreLine.release.xcconfig */;
			buildSettings = {
				ASSETCATALOG_COMPILER_APPICON_NAME = AppIcon;
				ASSETCATALOG_COMPILER_GLOBAL_ACCENT_COLOR_NAME = AccentColor;
				CODE_SIGN_STYLE = Automatic;
				CURRENT_PROJECT_VERSION = 1;
				DEVELOPMENT_TEAM = 659TVY4N4U;
				GENERATE_INFOPLIST_FILE = YES;
				INFOPLIST_FILE = ScoreLine/Info.plist;
				INFOPLIST_KEY_UIApplicationSupportsIndirectInputEvents = YES;
				INFOPLIST_KEY_UILaunchStoryboardName = LaunchScreen;
				INFOPLIST_KEY_UIMainStoryboardFile = Main;
				INFOPLIST_KEY_UISupportedInterfaceOrientations_iPad = "UIInterfaceOrientationPortrait UIInterfaceOrientationPortraitUpsideDown UIInterfaceOrientationLandscapeLeft UIInterfaceOrientationLandscapeRight";
				INFOPLIST_KEY_UISupportedInterfaceOrientations_iPhone = "UIInterfaceOrientationPortrait UIInterfaceOrientationLandscapeLeft UIInterfaceOrientationLandscapeRight";
				LD_RUNPATH_SEARCH_PATHS = (
					"$(inherited)",
					"@executable_path/Frameworks",
				);
				MARKETING_VERSION = 1.0;
				PRODUCT_BUNDLE_IDENTIFIER = com.omgandhi.ScoreLine;
				PRODUCT_NAME = "$(TARGET_NAME)";
				SWIFT_EMIT_LOC_STRINGS = YES;
				SWIFT_VERSION = 5.0;
				TARGETED_DEVICE_FAMILY = "1,2";
			};
			name = Release;
		};
		C012D0E82B7F6F0900F40B0E /* Debug */ = {
			isa = XCBuildConfiguration;
			baseConfigurationReference = 503501384DCCC8A8FBDBB764 /* Pods-ScoreLineTests.debug.xcconfig */;
			buildSettings = {
				ALWAYS_EMBED_SWIFT_STANDARD_LIBRARIES = YES;
				BUNDLE_LOADER = "$(TEST_HOST)";
				CODE_SIGN_STYLE = Automatic;
				CURRENT_PROJECT_VERSION = 1;
				DEVELOPMENT_TEAM = 659TVY4N4U;
				GENERATE_INFOPLIST_FILE = YES;
				IPHONEOS_DEPLOYMENT_TARGET = 17.2;
				MARKETING_VERSION = 1.0;
				PRODUCT_BUNDLE_IDENTIFIER = com.omgandhi.ScoreLineTests;
				PRODUCT_NAME = "$(TARGET_NAME)";
				SWIFT_EMIT_LOC_STRINGS = NO;
				SWIFT_VERSION = 5.0;
				TARGETED_DEVICE_FAMILY = "1,2";
				TEST_HOST = "$(BUILT_PRODUCTS_DIR)/ScoreLine.app/$(BUNDLE_EXECUTABLE_FOLDER_PATH)/ScoreLine";
			};
			name = Debug;
		};
		C012D0E92B7F6F0900F40B0E /* Release */ = {
			isa = XCBuildConfiguration;
			baseConfigurationReference = AB397B28F9FAE45F5A639C16 /* Pods-ScoreLineTests.release.xcconfig */;
			buildSettings = {
				ALWAYS_EMBED_SWIFT_STANDARD_LIBRARIES = YES;
				BUNDLE_LOADER = "$(TEST_HOST)";
				CODE_SIGN_STYLE = Automatic;
				CURRENT_PROJECT_VERSION = 1;
				DEVELOPMENT_TEAM = 659TVY4N4U;
				GENERATE_INFOPLIST_FILE = YES;
				IPHONEOS_DEPLOYMENT_TARGET = 17.2;
				MARKETING_VERSION = 1.0;
				PRODUCT_BUNDLE_IDENTIFIER = com.omgandhi.ScoreLineTests;
				PRODUCT_NAME = "$(TARGET_NAME)";
				SWIFT_EMIT_LOC_STRINGS = NO;
				SWIFT_VERSION = 5.0;
				TARGETED_DEVICE_FAMILY = "1,2";
				TEST_HOST = "$(BUILT_PRODUCTS_DIR)/ScoreLine.app/$(BUNDLE_EXECUTABLE_FOLDER_PATH)/ScoreLine";
			};
			name = Release;
		};
		C012D0EB2B7F6F0900F40B0E /* Debug */ = {
			isa = XCBuildConfiguration;
			baseConfigurationReference = 79D330A2F8BE646E845097D6 /* Pods-ScoreLine-ScoreLineUITests.debug.xcconfig */;
			buildSettings = {
				ALWAYS_EMBED_SWIFT_STANDARD_LIBRARIES = YES;
				CODE_SIGN_STYLE = Automatic;
				CURRENT_PROJECT_VERSION = 1;
				DEVELOPMENT_TEAM = 659TVY4N4U;
				GENERATE_INFOPLIST_FILE = YES;
				MARKETING_VERSION = 1.0;
				PRODUCT_BUNDLE_IDENTIFIER = com.omgandhi.ScoreLineUITests;
				PRODUCT_NAME = "$(TARGET_NAME)";
				SWIFT_EMIT_LOC_STRINGS = NO;
				SWIFT_VERSION = 5.0;
				TARGETED_DEVICE_FAMILY = "1,2";
				TEST_TARGET_NAME = ScoreLine;
			};
			name = Debug;
		};
		C012D0EC2B7F6F0900F40B0E /* Release */ = {
			isa = XCBuildConfiguration;
			baseConfigurationReference = C9CFDC81DF1A53EDCB6FAACB /* Pods-ScoreLine-ScoreLineUITests.release.xcconfig */;
			buildSettings = {
				ALWAYS_EMBED_SWIFT_STANDARD_LIBRARIES = YES;
				CODE_SIGN_STYLE = Automatic;
				CURRENT_PROJECT_VERSION = 1;
				DEVELOPMENT_TEAM = 659TVY4N4U;
				GENERATE_INFOPLIST_FILE = YES;
				MARKETING_VERSION = 1.0;
				PRODUCT_BUNDLE_IDENTIFIER = com.omgandhi.ScoreLineUITests;
				PRODUCT_NAME = "$(TARGET_NAME)";
				SWIFT_EMIT_LOC_STRINGS = NO;
				SWIFT_VERSION = 5.0;
				TARGETED_DEVICE_FAMILY = "1,2";
				TEST_TARGET_NAME = ScoreLine;
			};
			name = Release;
		};
/* End XCBuildConfiguration section */

/* Begin XCConfigurationList section */
		C012D0B52B7F6F0700F40B0E /* Build configuration list for PBXProject "ScoreLine" */ = {
			isa = XCConfigurationList;
			buildConfigurations = (
				C012D0E22B7F6F0900F40B0E /* Debug */,
				C012D0E32B7F6F0900F40B0E /* Release */,
			);
			defaultConfigurationIsVisible = 0;
			defaultConfigurationName = Release;
		};
		C012D0E42B7F6F0900F40B0E /* Build configuration list for PBXNativeTarget "ScoreLine" */ = {
			isa = XCConfigurationList;
			buildConfigurations = (
				C012D0E52B7F6F0900F40B0E /* Debug */,
				C012D0E62B7F6F0900F40B0E /* Release */,
			);
			defaultConfigurationIsVisible = 0;
			defaultConfigurationName = Release;
		};
		C012D0E72B7F6F0900F40B0E /* Build configuration list for PBXNativeTarget "ScoreLineTests" */ = {
			isa = XCConfigurationList;
			buildConfigurations = (
				C012D0E82B7F6F0900F40B0E /* Debug */,
				C012D0E92B7F6F0900F40B0E /* Release */,
			);
			defaultConfigurationIsVisible = 0;
			defaultConfigurationName = Release;
		};
		C012D0EA2B7F6F0900F40B0E /* Build configuration list for PBXNativeTarget "ScoreLineUITests" */ = {
			isa = XCConfigurationList;
			buildConfigurations = (
				C012D0EB2B7F6F0900F40B0E /* Debug */,
				C012D0EC2B7F6F0900F40B0E /* Release */,
			);
			defaultConfigurationIsVisible = 0;
			defaultConfigurationName = Release;
		};
/* End XCConfigurationList section */
	};
	rootObject = C012D0B22B7F6F0700F40B0E /* Project object */;
}
